
Microsoft Visual Studio Solution File, Format Version 12.00
# Visual Studio Version 16
VisualStudioVersion = 16.0.29020.237
MinimumVisualStudioVersion = 10.0.40219.1
Project("{FAE04EC0-301F-11D3-BF4B-00C04F79EFBC}") = "Builder", "PatronesDiseño\Builder.csproj", "{4890651E-B176-4254-A146-4203A6E4A132}"
EndProject
Project("{2150E333-8FDC-42A3-9474-1A3956D46DE8}") = "Creacionales", "Creacionales", "{E27B1AB1-A564-4916-A19E-4CE2E4E90933}"
EndProject
Project("{FAE04EC0-301F-11D3-BF4B-00C04F79EFBC}") = "Prototype", "Prototype\Prototype.csproj", "{1F015AA3-FCB5-42B6-93BF-E0C9A5B24422}"
EndProject
Project("{FAE04EC0-301F-11D3-BF4B-00C04F79EFBC}") = "Abstract", "Abstract\Abstract.csproj", "{52B72964-60CE-4D44-8537-7F29F0309CB4}"
EndProject
Project("{2150E333-8FDC-42A3-9474-1A3956D46DE8}") = "Estructurales", "Estructurales", "{C2B89F67-2324-4F59-9FAB-5A98DD21DE07}"
EndProject
Project("{FAE04EC0-301F-11D3-BF4B-00C04F79EFBC}") = "Bridge", "Bridge\Bridge.csproj", "{841AD9B8-EC97-4827-B19B-FCD2A3DB36DD}"
EndProject
Project("{FAE04EC0-301F-11D3-BF4B-00C04F79EFBC}") = "Facade", "Facade\Facade.csproj", "{701ED976-09A4-4C67-BF9D-569D542897EC}"
EndProject
Project("{FAE04EC0-301F-11D3-BF4B-00C04F79EFBC}") = "Adapter", "Adapter\Adapter.csproj", "{AD317282-07A9-46DA-9863-A86EC6B6C70C}"
EndProject
Project("{2150E333-8FDC-42A3-9474-1A3956D46DE8}") = "Comportamiento", "Comportamiento", "{92913369-B1F8-470F-908B-DDC678B617BC}"
EndProject
Project("{FAE04EC0-301F-11D3-BF4B-00C04F79EFBC}") = "Iterator", "Iterator\Iterator.csproj", "{9BAA6C6A-9823-4F35-836C-D18FF577D5ED}"
EndProject
Project("{FAE04EC0-301F-11D3-BF4B-00C04F79EFBC}") = "State", "State\State.csproj", "{F7EA479F-D991-4F58-9642-0A0AB9B0EACF}"
EndProject
Project("{FAE04EC0-301F-11D3-BF4B-00C04F79EFBC}") = "Visitor", "Visitor\Visitor.csproj", "{C77E56B0-3939-497B-ACFB-4BADD6849016}"
EndProject
Global
	GlobalSection(SolutionConfigurationPlatforms) = preSolution
		Debug|Any CPU = Debug|Any CPU
		Release|Any CPU = Release|Any CPU
	EndGlobalSection
	GlobalSection(ProjectConfigurationPlatforms) = postSolution
		{4890651E-B176-4254-A146-4203A6E4A132}.Debug|Any CPU.ActiveCfg = Debug|Any CPU
		{4890651E-B176-4254-A146-4203A6E4A132}.Debug|Any CPU.Build.0 = Debug|Any CPU
		{4890651E-B176-4254-A146-4203A6E4A132}.Release|Any CPU.ActiveCfg = Release|Any CPU
		{4890651E-B176-4254-A146-4203A6E4A132}.Release|Any CPU.Build.0 = Release|Any CPU
		{1F015AA3-FCB5-42B6-93BF-E0C9A5B24422}.Debug|Any CPU.ActiveCfg = Debug|Any CPU
		{1F015AA3-FCB5-42B6-93BF-E0C9A5B24422}.Debug|Any CPU.Build.0 = Debug|Any CPU
		{1F015AA3-FCB5-42B6-93BF-E0C9A5B24422}.Release|Any CPU.ActiveCfg = Release|Any CPU
		{1F015AA3-FCB5-42B6-93BF-E0C9A5B24422}.Release|Any CPU.Build.0 = Release|Any CPU
		{52B72964-60CE-4D44-8537-7F29F0309CB4}.Debug|Any CPU.ActiveCfg = Debug|Any CPU
		{52B72964-60CE-4D44-8537-7F29F0309CB4}.Debug|Any CPU.Build.0 = Debug|Any CPU
		{52B72964-60CE-4D44-8537-7F29F0309CB4}.Release|Any CPU.ActiveCfg = Release|Any CPU
		{52B72964-60CE-4D44-8537-7F29F0309CB4}.Release|Any CPU.Build.0 = Release|Any CPU
		{841AD9B8-EC97-4827-B19B-FCD2A3DB36DD}.Debug|Any CPU.ActiveCfg = Debug|Any CPU
		{841AD9B8-EC97-4827-B19B-FCD2A3DB36DD}.Debug|Any CPU.Build.0 = Debug|Any CPU
		{841AD9B8-EC97-4827-B19B-FCD2A3DB36DD}.Release|Any CPU.ActiveCfg = Release|Any CPU
		{841AD9B8-EC97-4827-B19B-FCD2A3DB36DD}.Release|Any CPU.Build.0 = Release|Any CPU
		{701ED976-09A4-4C67-BF9D-569D542897EC}.Debug|Any CPU.ActiveCfg = Debug|Any CPU
		{701ED976-09A4-4C67-BF9D-569D542897EC}.Debug|Any CPU.Build.0 = Debug|Any CPU
		{701ED976-09A4-4C67-BF9D-569D542897EC}.Release|Any CPU.ActiveCfg = Release|Any CPU
		{701ED976-09A4-4C67-BF9D-569D542897EC}.Release|Any CPU.Build.0 = Release|Any CPU
		{AD317282-07A9-46DA-9863-A86EC6B6C70C}.Debug|Any CPU.ActiveCfg = Debug|Any CPU
		{AD317282-07A9-46DA-9863-A86EC6B6C70C}.Debug|Any CPU.Build.0 = Debug|Any CPU
		{AD317282-07A9-46DA-9863-A86EC6B6C70C}.Release|Any CPU.ActiveCfg = Release|Any CPU
		{AD317282-07A9-46DA-9863-A86EC6B6C70C}.Release|Any CPU.Build.0 = Release|Any CPU
		{9BAA6C6A-9823-4F35-836C-D18FF577D5ED}.Debug|Any CPU.ActiveCfg = Debug|Any CPU
		{9BAA6C6A-9823-4F35-836C-D18FF577D5ED}.Debug|Any CPU.Build.0 = Debug|Any CPU
		{9BAA6C6A-9823-4F35-836C-D18FF577D5ED}.Release|Any CPU.ActiveCfg = Release|Any CPU
		{9BAA6C6A-9823-4F35-836C-D18FF577D5ED}.Release|Any CPU.Build.0 = Release|Any CPU
		{F7EA479F-D991-4F58-9642-0A0AB9B0EACF}.Debug|Any CPU.ActiveCfg = Debug|Any CPU
		{F7EA479F-D991-4F58-9642-0A0AB9B0EACF}.Debug|Any CPU.Build.0 = Debug|Any CPU
		{F7EA479F-D991-4F58-9642-0A0AB9B0EACF}.Release|Any CPU.ActiveCfg = Release|Any CPU
		{F7EA479F-D991-4F58-9642-0A0AB9B0EACF}.Release|Any CPU.Build.0 = Release|Any CPU
		{C77E56B0-3939-497B-ACFB-4BADD6849016}.Debug|Any CPU.ActiveCfg = Debug|Any CPU
		{C77E56B0-3939-497B-ACFB-4BADD6849016}.Debug|Any CPU.Build.0 = Debug|Any CPU
		{C77E56B0-3939-497B-ACFB-4BADD6849016}.Release|Any CPU.ActiveCfg = Release|Any CPU
		{C77E56B0-3939-497B-ACFB-4BADD6849016}.Release|Any CPU.Build.0 = Release|Any CPU
	EndGlobalSection
	GlobalSection(SolutionProperties) = preSolution
		HideSolutionNode = FALSE
	EndGlobalSection
	GlobalSection(NestedProjects) = preSolution
		{4890651E-B176-4254-A146-4203A6E4A132} = {E27B1AB1-A564-4916-A19E-4CE2E4E90933}
		{1F015AA3-FCB5-42B6-93BF-E0C9A5B24422} = {E27B1AB1-A564-4916-A19E-4CE2E4E90933}
		{52B72964-60CE-4D44-8537-7F29F0309CB4} = {E27B1AB1-A564-4916-A19E-4CE2E4E90933}
		{841AD9B8-EC97-4827-B19B-FCD2A3DB36DD} = {C2B89F67-2324-4F59-9FAB-5A98DD21DE07}
		{701ED976-09A4-4C67-BF9D-569D542897EC} = {C2B89F67-2324-4F59-9FAB-5A98DD21DE07}
		{AD317282-07A9-46DA-9863-A86EC6B6C70C} = {C2B89F67-2324-4F59-9FAB-5A98DD21DE07}
		{9BAA6C6A-9823-4F35-836C-D18FF577D5ED} = {92913369-B1F8-470F-908B-DDC678B617BC}
		{F7EA479F-D991-4F58-9642-0A0AB9B0EACF} = {92913369-B1F8-470F-908B-DDC678B617BC}
		{C77E56B0-3939-497B-ACFB-4BADD6849016} = {92913369-B1F8-470F-908B-DDC678B617BC}
	EndGlobalSection
	GlobalSection(ExtensibilityGlobals) = postSolution
		SolutionGuid = {B9F83BF2-F86B-4E1B-9FC7-71A7233877CB}
	EndGlobalSection
EndGlobal
